
Microsoft Visual Studio Solution File, Format Version 12.00
# Visual Studio Version 17
VisualStudioVersion = 17.4.33403.182
MinimumVisualStudioVersion = 10.0.40219.1
Project("{FAE04EC0-301F-11D3-BF4B-00C04F79EFBC}") = "CQRS.Domain", "Post.Domain\CQRS.Domain.csproj", "{AA3E2F92-35FC-4802-A954-B4FA7094B853}"
EndProject
Project("{2150E333-8FDC-42A3-9474-1A3956D46DE8}") = "src", "src", "{9355A81E-1654-4307-A52F-C9E90CD99F39}"
EndProject
Project("{2150E333-8FDC-42A3-9474-1A3956D46DE8}") = "test", "test", "{468EC2B3-EC93-46D8-A454-CAA55B0DBDF5}"
EndProject
Project("{2150E333-8FDC-42A3-9474-1A3956D46DE8}") = "Core", "Core", "{2ADA8A5E-2E2D-42B3-81CA-E228AAFDFCFC}"
EndProject
Project("{2150E333-8FDC-42A3-9474-1A3956D46DE8}") = "Infrastructure", "Infrastructure", "{C7024A89-FC57-42E5-8945-68A16CDD0337}"
EndProject
Project("{2150E333-8FDC-42A3-9474-1A3956D46DE8}") = "Api", "Api", "{750BC2C4-5847-4331-B6C2-0F5423988E36}"
EndProject
Project("{2150E333-8FDC-42A3-9474-1A3956D46DE8}") = "UI", "UI", "{F0F78EB8-9F80-4422-8D45-7B35CE19E630}"
EndProject
Project("{FAE04EC0-301F-11D3-BF4B-00C04F79EFBC}") = "CQRS.Application", "Application\CQRS.Application.csproj", "{E4594A9E-F005-42C5-B0D1-498ABEADDFF5}"
EndProject
Project("{FAE04EC0-301F-11D3-BF4B-00C04F79EFBC}") = "CQRS.Persistence", "CQRS.Persistence\CQRS.Persistence.csproj", "{F192DFB7-D710-42CB-B163-C1D92F01469A}"
EndProject
Project("{FAE04EC0-301F-11D3-BF4B-00C04F79EFBC}") = "CQRS.Api", "CQRS.Api\CQRS.Api.csproj", "{95BC2A77-D953-4561-9A1E-9BA4A58D1FC8}"
EndProject
Global
	GlobalSection(SolutionConfigurationPlatforms) = preSolution
		Debug|Any CPU = Debug|Any CPU
		Release|Any CPU = Release|Any CPU
	EndGlobalSection
	GlobalSection(ProjectConfigurationPlatforms) = postSolution
		{AA3E2F92-35FC-4802-A954-B4FA7094B853}.Debug|Any CPU.ActiveCfg = Debug|Any CPU
		{AA3E2F92-35FC-4802-A954-B4FA7094B853}.Debug|Any CPU.Build.0 = Debug|Any CPU
		{AA3E2F92-35FC-4802-A954-B4FA7094B853}.Release|Any CPU.ActiveCfg = Release|Any CPU
		{AA3E2F92-35FC-4802-A954-B4FA7094B853}.Release|Any CPU.Build.0 = Release|Any CPU
		{E4594A9E-F005-42C5-B0D1-498ABEADDFF5}.Debug|Any CPU.ActiveCfg = Debug|Any CPU
		{E4594A9E-F005-42C5-B0D1-498ABEADDFF5}.Debug|Any CPU.Build.0 = Debug|Any CPU
		{E4594A9E-F005-42C5-B0D1-498ABEADDFF5}.Release|Any CPU.ActiveCfg = Release|Any CPU
		{E4594A9E-F005-42C5-B0D1-498ABEADDFF5}.Release|Any CPU.Build.0 = Release|Any CPU
		{F192DFB7-D710-42CB-B163-C1D92F01469A}.Debug|Any CPU.ActiveCfg = Debug|Any CPU
		{F192DFB7-D710-42CB-B163-C1D92F01469A}.Debug|Any CPU.Build.0 = Debug|Any CPU
		{F192DFB7-D710-42CB-B163-C1D92F01469A}.Release|Any CPU.ActiveCfg = Release|Any CPU
		{F192DFB7-D710-42CB-B163-C1D92F01469A}.Release|Any CPU.Build.0 = Release|Any CPU
		{95BC2A77-D953-4561-9A1E-9BA4A58D1FC8}.Debug|Any CPU.ActiveCfg = Debug|Any CPU
		{95BC2A77-D953-4561-9A1E-9BA4A58D1FC8}.Debug|Any CPU.Build.0 = Debug|Any CPU
		{95BC2A77-D953-4561-9A1E-9BA4A58D1FC8}.Release|Any CPU.ActiveCfg = Release|Any CPU
		{95BC2A77-D953-4561-9A1E-9BA4A58D1FC8}.Release|Any CPU.Build.0 = Release|Any CPU
	EndGlobalSection
	GlobalSection(SolutionProperties) = preSolution
		HideSolutionNode = FALSE
	EndGlobalSection
	GlobalSection(NestedProjects) = preSolution
		{AA3E2F92-35FC-4802-A954-B4FA7094B853} = {2ADA8A5E-2E2D-42B3-81CA-E228AAFDFCFC}
		{2ADA8A5E-2E2D-42B3-81CA-E228AAFDFCFC} = {9355A81E-1654-4307-A52F-C9E90CD99F39}
		{C7024A89-FC57-42E5-8945-68A16CDD0337} = {9355A81E-1654-4307-A52F-C9E90CD99F39}
		{750BC2C4-5847-4331-B6C2-0F5423988E36} = {9355A81E-1654-4307-A52F-C9E90CD99F39}
		{F0F78EB8-9F80-4422-8D45-7B35CE19E630} = {9355A81E-1654-4307-A52F-C9E90CD99F39}
		{E4594A9E-F005-42C5-B0D1-498ABEADDFF5} = {2ADA8A5E-2E2D-42B3-81CA-E228AAFDFCFC}
		{F192DFB7-D710-42CB-B163-C1D92F01469A} = {C7024A89-FC57-42E5-8945-68A16CDD0337}
		{95BC2A77-D953-4561-9A1E-9BA4A58D1FC8} = {750BC2C4-5847-4331-B6C2-0F5423988E36}
	EndGlobalSection
	GlobalSection(ExtensibilityGlobals) = postSolution
		SolutionGuid = {B72CEDC7-4C45-4292-AE10-F1A8EFA142C5}
	EndGlobalSection
EndGlobal
